
Microsoft Visual Studio Solution File, Format Version 12.00
# Visual Studio Version 16
VisualStudioVersion = 16.0.30011.22
MinimumVisualStudioVersion = 10.0.40219.1
Project("{9A19103F-16F7-4668-BE54-9A1E7A4F7556}") = "ProxySwitch", "ProxySwitch\ProxySwitch.csproj", "{6ED77278-9BB6-44F1-8BC9-3167755341D8}"
EndProject
Global
	GlobalSection(SolutionConfigurationPlatforms) = preSolution
		Debug|Any CPU = Debug|Any CPU
		Release|Any CPU = Release|Any CPU
	EndGlobalSection
	GlobalSection(ProjectConfigurationPlatforms) = postSolution
		{6ED77278-9BB6-44F1-8BC9-3167755341D8}.Debug|Any CPU.ActiveCfg = Debug|Any CPU
		{6ED77278-9BB6-44F1-8BC9-3167755341D8}.Debug|Any CPU.Build.0 = Debug|Any CPU
		{6ED77278-9BB6-44F1-8BC9-3167755341D8}.Release|Any CPU.ActiveCfg = Release|Any CPU
		{6ED77278-9BB6-44F1-8BC9-3167755341D8}.Release|Any CPU.Build.0 = Release|Any CPU
	EndGlobalSection
	GlobalSection(SolutionProperties) = preSolution
		HideSolutionNode = FALSE
	EndGlobalSection
	GlobalSection(ExtensibilityGlobals) = postSolution
		SolutionGuid = {00C157C1-E1EB-4ACB-ADC8-F96E02A88362}
	EndGlobalSection
EndGlobal
